// !$*UTF8*$!
{
	archiveVersion = 1;
	classes = {
	};
	objectVersion = 46;
	objects = {

/* Begin PBXBuildFile section */
		30E23D8C1F42CBE900559EAE /* main.m in Sources */ = {isa = PBXBuildFile; fileRef = 30E23D8B1F42CBE900559EAE /* main.m */; };
		30E23D8F1F42CBE900559EAE /* AppDelegate.m in Sources */ = {isa = PBXBuildFile; fileRef = 30E23D8E1F42CBE900559EAE /* AppDelegate.m */; };
		30E23D921F42CBE900559EAE /* ViewController.m in Sources */ = {isa = PBXBuildFile; fileRef = 30E23D911F42CBE900559EAE /* ViewController.m */; };
		30E23D951F42CBE900559EAE /* Main.storyboard in Resources */ = {isa = PBXBuildFile; fileRef = 30E23D931F42CBE900559EAE /* Main.storyboard */; };
		30E23D971F42CBE900559EAE /* Assets.xcassets in Resources */ = {isa = PBXBuildFile; fileRef = 30E23D961F42CBE900559EAE /* Assets.xcassets */; };
		30E23D9A1F42CBE900559EAE /* LaunchScreen.storyboard in Resources */ = {isa = PBXBuildFile; fileRef = 30E23D981F42CBE900559EAE /* LaunchScreen.storyboard */; };
		30E23DA51F42CBE900559EAE /* GGVideoTrimTests.m in Sources */ = {isa = PBXBuildFile; fileRef = 30E23DA41F42CBE900559EAE /* GGVideoTrimTests.m */; };
		30E23DB01F42CBE900559EAE /* GGVideoTrimUITests.m in Sources */ = {isa = PBXBuildFile; fileRef = 30E23DAF1F42CBE900559EAE /* GGVideoTrimUITests.m */; };
/* End PBXBuildFile section */

/* Begin PBXContainerItemProxy section */
		30E23DA11F42CBE900559EAE /* PBXContainerItemProxy */ = {
			isa = PBXContainerItemProxy;
			containerPortal = 30E23D7F1F42CBE900559EAE /* Project object */;
			proxyType = 1;
			remoteGlobalIDString = 30E23D861F42CBE900559EAE;
			remoteInfo = GGVideoTrim;
		};
		30E23DAC1F42CBE900559EAE /* PBXContainerItemProxy */ = {
			isa = PBXContainerItemProxy;
			containerPortal = 30E23D7F1F42CBE900559EAE /* Project object */;
			proxyType = 1;
			remoteGlobalIDString = 30E23D861F42CBE900559EAE;
			remoteInfo = GGVideoTrim;
		};
/* End PBXContainerItemProxy section */

/* Begin PBXFileReference section */
		30E23D871F42CBE900559EAE /* GGVideoTrim.app */ = {isa = PBXFileReference; explicitFileType = wrapper.application; includeInIndex = 0; path = GGVideoTrim.app; sourceTree = BUILT_PRODUCTS_DIR; };
		30E23D8B1F42CBE900559EAE /* main.m */ = {isa = PBXFileReference; lastKnownFileType = sourcecode.c.objc; path = main.m; sourceTree = "<group>"; };
		30E23D8D1F42CBE900559EAE /* AppDelegate.h */ = {isa = PBXFileReference; lastKnownFileType = sourcecode.c.h; path = AppDelegate.h; sourceTree = "<group>"; };
		30E23D8E1F42CBE900559EAE /* AppDelegate.m */ = {isa = PBXFileReference; lastKnownFileType = sourcecode.c.objc; path = AppDelegate.m; sourceTree = "<group>"; };
		30E23D901F42CBE900559EAE /* ViewController.h */ = {isa = PBXFileReference; lastKnownFileType = sourcecode.c.h; path = ViewController.h; sourceTree = "<group>"; };
		30E23D911F42CBE900559EAE /* ViewController.m */ = {isa = PBXFileReference; lastKnownFileType = sourcecode.c.objc; path = ViewController.m; sourceTree = "<group>"; };
		30E23D941F42CBE900559EAE /* Base */ = {isa = PBXFileReference; lastKnownFileType = file.storyboard; name = Base; path = Base.lproj/Main.storyboard; sourceTree = "<group>"; };
		30E23D961F42CBE900559EAE /* Assets.xcassets */ = {isa = PBXFileReference; lastKnownFileType = folder.assetcatalog; path = Assets.xcassets; sourceTree = "<group>"; };
		30E23D991F42CBE900559EAE /* Base */ = {isa = PBXFileReference; lastKnownFileType = file.storyboard; name = Base; path = Base.lproj/LaunchScreen.storyboard; sourceTree = "<group>"; };
		30E23D9B1F42CBE900559EAE /* Info.plist */ = {isa = PBXFileReference; lastKnownFileType = text.plist.xml; path = Info.plist; sourceTree = "<group>"; };
		30E23DA01F42CBE900559EAE /* GGVideoTrimTests.xctest */ = {isa = PBXFileReference; explicitFileType = wrapper.cfbundle; includeInIndex = 0; path = GGVideoTrimTests.xctest; sourceTree = BUILT_PRODUCTS_DIR; };
		30E23DA41F42CBE900559EAE /* GGVideoTrimTests.m */ = {isa = PBXFileReference; lastKnownFileType = sourcecode.c.objc; path = GGVideoTrimTests.m; sourceTree = "<group>"; };
		30E23DA61F42CBE900559EAE /* Info.plist */ = {isa = PBXFileReference; lastKnownFileType = text.plist.xml; path = Info.plist; sourceTree = "<group>"; };
		30E23DAB1F42CBE900559EAE /* GGVideoTrimUITests.xctest */ = {isa = PBXFileReference; explicitFileType = wrapper.cfbundle; includeInIndex = 0; path = GGVideoTrimUITests.xctest; sourceTree = BUILT_PRODUCTS_DIR; };
		30E23DAF1F42CBE900559EAE /* GGVideoTrimUITests.m */ = {isa = PBXFileReference; lastKnownFileType = sourcecode.c.objc; path = GGVideoTrimUITests.m; sourceTree = "<group>"; };
		30E23DB11F42CBE900559EAE /* Info.plist */ = {isa = PBXFileReference; lastKnownFileType = text.plist.xml; path = Info.plist; sourceTree = "<group>"; };
/* End PBXFileReference section */

/* Begin PBXFrameworksBuildPhase section */
		30E23D841F42CBE900559EAE /* Frameworks */ = {
			isa = PBXFrameworksBuildPhase;
			buildActionMask = 2147483647;
			files = (
			);
			runOnlyForDeploymentPostprocessing = 0;
		};
		30E23D9D1F42CBE900559EAE /* Frameworks */ = {
			isa = PBXFrameworksBuildPhase;
			buildActionMask = 2147483647;
			files = (
			);
			runOnlyForDeploymentPostprocessing = 0;
		};
		30E23DA81F42CBE900559EAE /* Frameworks */ = {
			isa = PBXFrameworksBuildPhase;
			buildActionMask = 2147483647;
			files = (
			);
			runOnlyForDeploymentPostprocessing = 0;
		};
/* End PBXFrameworksBuildPhase section */

/* Begin PBXGroup section */
		30E23D7E1F42CBE900559EAE = {
			isa = PBXGroup;
			children = (
				30E23D891F42CBE900559EAE /* GGVideoTrim */,
				30E23DA31F42CBE900559EAE /* GGVideoTrimTests */,
				30E23DAE1F42CBE900559EAE /* GGVideoTrimUITests */,
				30E23D881F42CBE900559EAE /* Products */,
			);
			sourceTree = "<group>";
		};
		30E23D881F42CBE900559EAE /* Products */ = {
			isa = PBXGroup;
			children = (
				30E23D871F42CBE900559EAE /* GGVideoTrim.app */,
				30E23DA01F42CBE900559EAE /* GGVideoTrimTests.xctest */,
				30E23DAB1F42CBE900559EAE /* GGVideoTrimUITests.xctest */,
			);
			name = Products;
			sourceTree = "<group>";
		};
		30E23D891F42CBE900559EAE /* GGVideoTrim */ = {
			isa = PBXGroup;
			children = (
				30E23D8D1F42CBE900559EAE /* AppDelegate.h */,
				30E23D8E1F42CBE900559EAE /* AppDelegate.m */,
				30E23D901F42CBE900559EAE /* ViewController.h */,
				30E23D911F42CBE900559EAE /* ViewController.m */,
				30E23D931F42CBE900559EAE /* Main.storyboard */,
				30E23D961F42CBE900559EAE /* Assets.xcassets */,
				30E23D981F42CBE900559EAE /* LaunchScreen.storyboard */,
				30E23D9B1F42CBE900559EAE /* Info.plist */,
				30E23D8A1F42CBE900559EAE /* Supporting Files */,
			);
			path = GGVideoTrim;
			sourceTree = "<group>";
		};
		30E23D8A1F42CBE900559EAE /* Supporting Files */ = {
			isa = PBXGroup;
			children = (
				30E23D8B1F42CBE900559EAE /* main.m */,
			);
			name = "Supporting Files";
			sourceTree = "<group>";
		};
		30E23DA31F42CBE900559EAE /* GGVideoTrimTests */ = {
			isa = PBXGroup;
			children = (
				30E23DA41F42CBE900559EAE /* GGVideoTrimTests.m */,
				30E23DA61F42CBE900559EAE /* Info.plist */,
			);
			path = GGVideoTrimTests;
			sourceTree = "<group>";
		};
		30E23DAE1F42CBE900559EAE /* GGVideoTrimUITests */ = {
			isa = PBXGroup;
			children = (
				30E23DAF1F42CBE900559EAE /* GGVideoTrimUITests.m */,
				30E23DB11F42CBE900559EAE /* Info.plist */,
			);
			path = GGVideoTrimUITests;
			sourceTree = "<group>";
		};
/* End PBXGroup section */

/* Begin PBXNativeTarget section */
		30E23D861F42CBE900559EAE /* GGVideoTrim */ = {
			isa = PBXNativeTarget;
			buildConfigurationList = 30E23DB41F42CBE900559EAE /* Build configuration list for PBXNativeTarget "GGVideoTrim" */;
			buildPhases = (
				30E23D831F42CBE900559EAE /* Sources */,
				30E23D841F42CBE900559EAE /* Frameworks */,
				30E23D851F42CBE900559EAE /* Resources */,
			);
			buildRules = (
			);
			dependencies = (
			);
			name = GGVideoTrim;
			productName = GGVideoTrim;
			productReference = 30E23D871F42CBE900559EAE /* GGVideoTrim.app */;
			productType = "com.apple.product-type.application";
		};
		30E23D9F1F42CBE900559EAE /* GGVideoTrimTests */ = {
			isa = PBXNativeTarget;
			buildConfigurationList = 30E23DB71F42CBE900559EAE /* Build configuration list for PBXNativeTarget "GGVideoTrimTests" */;
			buildPhases = (
				30E23D9C1F42CBE900559EAE /* Sources */,
				30E23D9D1F42CBE900559EAE /* Frameworks */,
				30E23D9E1F42CBE900559EAE /* Resources */,
			);
			buildRules = (
			);
			dependencies = (
				30E23DA21F42CBE900559EAE /* PBXTargetDependency */,
			);
			name = GGVideoTrimTests;
			productName = GGVideoTrimTests;
			productReference = 30E23DA01F42CBE900559EAE /* GGVideoTrimTests.xctest */;
			productType = "com.apple.product-type.bundle.unit-test";
		};
		30E23DAA1F42CBE900559EAE /* GGVideoTrimUITests */ = {
			isa = PBXNativeTarget;
			buildConfigurationList = 30E23DBA1F42CBE900559EAE /* Build configuration list for PBXNativeTarget "GGVideoTrimUITests" */;
			buildPhases = (
				30E23DA71F42CBE900559EAE /* Sources */,
				30E23DA81F42CBE900559EAE /* Frameworks */,
				30E23DA91F42CBE900559EAE /* Resources */,
			);
			buildRules = (
			);
			dependencies = (
				30E23DAD1F42CBE900559EAE /* PBXTargetDependency */,
			);
			name = GGVideoTrimUITests;
			productName = GGVideoTrimUITests;
			productReference = 30E23DAB1F42CBE900559EAE /* GGVideoTrimUITests.xctest */;
			productType = "com.apple.product-type.bundle.ui-testing";
		};
/* End PBXNativeTarget section */

/* Begin PBXProject section */
		30E23D7F1F42CBE900559EAE /* Project object */ = {
			isa = PBXProject;
			attributes = {
				LastUpgradeCheck = 0830;
				ORGANIZATIONNAME = NETEASE;
				TargetAttributes = {
					30E23D861F42CBE900559EAE = {
						CreatedOnToolsVersion = 8.3.3;
						ProvisioningStyle = Automatic;
					};
					30E23D9F1F42CBE900559EAE = {
						CreatedOnToolsVersion = 8.3.3;
						ProvisioningStyle = Automatic;
						TestTargetID = 30E23D861F42CBE900559EAE;
					};
					30E23DAA1F42CBE900559EAE = {
						CreatedOnToolsVersion = 8.3.3;
						ProvisioningStyle = Automatic;
						TestTargetID = 30E23D861F42CBE900559EAE;
					};
				};
			};
			buildConfigurationList = 30E23D821F42CBE900559EAE /* Build configuration list for PBXProject "GGVideoTrim" */;
			compatibilityVersion = "Xcode 3.2";
			developmentRegion = English;
			hasScannedForEncodings = 0;
			knownRegions = (
				en,
				Base,
			);
			mainGroup = 30E23D7E1F42CBE900559EAE;
			productRefGroup = 30E23D881F42CBE900559EAE /* Products */;
			projectDirPath = "";
			projectRoot = "";
			targets = (
				30E23D861F42CBE900559EAE /* GGVideoTrim */,
				30E23D9F1F42CBE900559EAE /* GGVideoTrimTests */,
				30E23DAA1F42CBE900559EAE /* GGVideoTrimUITests */,
			);
		};
/* End PBXProject section */

/* Begin PBXResourcesBuildPhase section */
		30E23D851F42CBE900559EAE /* Resources */ = {
			isa = PBXResourcesBuildPhase;
			buildActionMask = 2147483647;
			files = (
				30E23D9A1F42CBE900559EAE /* LaunchScreen.storyboard in Resources */,
				30E23D971F42CBE900559EAE /* Assets.xcassets in Resources */,
				30E23D951F42CBE900559EAE /* Main.storyboard in Resources */,
			);
			runOnlyForDeploymentPostprocessing = 0;
		};
		30E23D9E1F42CBE900559EAE /* Resources */ = {
			isa = PBXResourcesBuildPhase;
			buildActionMask = 2147483647;
			files = (
			);
			runOnlyForDeploymentPostprocessing = 0;
		};
		30E23DA91F42CBE900559EAE /* Resources */ = {
			isa = PBXResourcesBuildPhase;
			buildActionMask = 2147483647;
			files = (
			);
			runOnlyForDeploymentPostprocessing = 0;
		};
/* End PBXResourcesBuildPhase section */

/* Begin PBXSourcesBuildPhase section */
		30E23D831F42CBE900559EAE /* Sources */ = {
			isa = PBXSourcesBuildPhase;
			buildActionMask = 2147483647;
			files = (
				30E23D921F42CBE900559EAE /* ViewController.m in Sources */,
				30E23D8F1F42CBE900559EAE /* AppDelegate.m in Sources */,
				30E23D8C1F42CBE900559EAE /* main.m in Sources */,
			);
			runOnlyForDeploymentPostprocessing = 0;
		};
		30E23D9C1F42CBE900559EAE /* Sources */ = {
			isa = PBXSourcesBuildPhase;
			buildActionMask = 2147483647;
			files = (
				30E23DA51F42CBE900559EAE /* GGVideoTrimTests.m in Sources */,
			);
			runOnlyForDeploymentPostprocessing = 0;
		};
		30E23DA71F42CBE900559EAE /* Sources */ = {
			isa = PBXSourcesBuildPhase;
			buildActionMask = 2147483647;
			files = (
				30E23DB01F42CBE900559EAE /* GGVideoTrimUITests.m in Sources */,
			);
			runOnlyForDeploymentPostprocessing = 0;
		};
/* End PBXSourcesBuildPhase section */

/* Begin PBXTargetDependency section */
		30E23DA21F42CBE900559EAE /* PBXTargetDependency */ = {
			isa = PBXTargetDependency;
			target = 30E23D861F42CBE900559EAE /* GGVideoTrim */;
			targetProxy = 30E23DA11F42CBE900559EAE /* PBXContainerItemProxy */;
		};
		30E23DAD1F42CBE900559EAE /* PBXTargetDependency */ = {
			isa = PBXTargetDependency;
			target = 30E23D861F42CBE900559EAE /* GGVideoTrim */;
			targetProxy = 30E23DAC1F42CBE900559EAE /* PBXContainerItemProxy */;
		};
/* End PBXTargetDependency section */

/* Begin PBXVariantGroup section */
		30E23D931F42CBE900559EAE /* Main.storyboard */ = {
			isa = PBXVariantGroup;
			children = (
				30E23D941F42CBE900559EAE /* Base */,
			);
			name = Main.storyboard;
			sourceTree = "<group>";
		};
		30E23D981F42CBE900559EAE /* LaunchScreen.storyboard */ = {
			isa = PBXVariantGroup;
			children = (
				30E23D991F42CBE900559EAE /* Base */,
			);
			name = LaunchScreen.storyboard;
			sourceTree = "<group>";
		};
/* End PBXVariantGroup section */

/* Begin XCBuildConfiguration section */
		30E23DB21F42CBE900559EAE /* Debug */ = {
			isa = XCBuildConfiguration;
			buildSettings = {
				ALWAYS_SEARCH_USER_PATHS = NO;
				CLANG_ANALYZER_NONNULL = YES;
				CLANG_ANALYZER_NUMBER_OBJECT_CONVERSION = YES_AGGRESSIVE;
				CLANG_CXX_LANGUAGE_STANDARD = "gnu++0x";
				CLANG_CXX_LIBRARY = "libc++";
				CLANG_ENABLE_MODULES = YES;
				CLANG_ENABLE_OBJC_ARC = YES;
				CLANG_WARN_BOOL_CONVERSION = YES;
				CLANG_WARN_CONSTANT_CONVERSION = YES;
				CLANG_WARN_DIRECT_OBJC_ISA_USAGE = YES_ERROR;
				CLANG_WARN_DOCUMENTATION_COMMENTS = YES;
				CLANG_WARN_EMPTY_BODY = YES;
				CLANG_WARN_ENUM_CONVERSION = YES;
				CLANG_WARN_INFINITE_RECURSION = YES;
				CLANG_WARN_INT_CONVERSION = YES;
				CLANG_WARN_OBJC_ROOT_CLASS = YES_ERROR;
				CLANG_WARN_SUSPICIOUS_MOVE = YES;
				CLANG_WARN_UNREACHABLE_CODE = YES;
				CLANG_WARN__DUPLICATE_METHOD_MATCH = YES;
				"CODE_SIGN_IDENTITY[sdk=iphoneos*]" = "iPhone Developer";
				COPY_PHASE_STRIP = NO;
				DEBUG_INFORMATION_FORMAT = dwarf;
				ENABLE_STRICT_OBJC_MSGSEND = YES;
				ENABLE_TESTABILITY = YES;
				GCC_C_LANGUAGE_STANDARD = gnu99;
				GCC_DYNAMIC_NO_PIC = NO;
				GCC_NO_COMMON_BLOCKS = YES;
				GCC_OPTIMIZATION_LEVEL = 0;
				GCC_PREPROCESSOR_DEFINITIONS = (
					"DEBUG=1",
					"$(inherited)",
				);
				GCC_WARN_64_TO_32_BIT_CONVERSION = YES;
				GCC_WARN_ABOUT_RETURN_TYPE = YES_ERROR;
				GCC_WARN_UNDECLARED_SELECTOR = YES;
				GCC_WARN_UNINITIALIZED_AUTOS = YES_AGGRESSIVE;
				GCC_WARN_UNUSED_FUNCTION = YES;
				GCC_WARN_UNUSED_VARIABLE = YES;
				IPHONEOS_DEPLOYMENT_TARGET = 10.3;
				MTL_ENABLE_DEBUG_INFO = YES;
				ONLY_ACTIVE_ARCH = YES;
				SDKROOT = iphoneos;
				TARGETED_DEVICE_FAMILY = "1,2";
			};
			name = Debug;
		};
		30E23DB31F42CBE900559EAE /* Release */ = {
			isa = XCBuildConfiguration;
			buildSettings = {
				ALWAYS_SEARCH_USER_PATHS = NO;
				CLANG_ANALYZER_NONNULL = YES;
				CLANG_ANALYZER_NUMBER_OBJECT_CONVERSION = YES_AGGRESSIVE;
				CLANG_CXX_LANGUAGE_STANDARD = "gnu++0x";
				CLANG_CXX_LIBRARY = "libc++";
				CLANG_ENABLE_MODULES = YES;
				CLANG_ENABLE_OBJC_ARC = YES;
				CLANG_WARN_BOOL_CONVERSION = YES;
				CLANG_WARN_CONSTANT_CONVERSION = YES;
				CLANG_WARN_DIRECT_OBJC_ISA_USAGE = YES_ERROR;
				CLANG_WARN_DOCUMENTATION_COMMENTS = YES;
				CLANG_WARN_EMPTY_BODY = YES;
				CLANG_WARN_ENUM_CONVERSION = YES;
				CLANG_WARN_INFINITE_RECURSION = YES;
				CLANG_WARN_INT_CONVERSION = YES;
				CLANG_WARN_OBJC_ROOT_CLASS = YES_ERROR;
				CLANG_WARN_SUSPICIOUS_MOVE = YES;
				CLANG_WARN_UNREACHABLE_CODE = YES;
				CLANG_WARN__DUPLICATE_METHOD_MATCH = YES;
				"CODE_SIGN_IDENTITY[sdk=iphoneos*]" = "iPhone Developer";
				COPY_PHASE_STRIP = NO;
				DEBUG_INFORMATION_FORMAT = "dwarf-with-dsym";
				ENABLE_NS_ASSERTIONS = NO;
				ENABLE_STRICT_OBJC_MSGSEND = YES;
				GCC_C_LANGUAGE_STANDARD = gnu99;
				GCC_NO_COMMON_BLOCKS = YES;
				GCC_WARN_64_TO_32_BIT_CONVERSION = YES;
				GCC_WARN_ABOUT_RETURN_TYPE = YES_ERROR;
				GCC_WARN_UNDECLARED_SELECTOR = YES;
				GCC_WARN_UNINITIALIZED_AUTOS = YES_AGGRESSIVE;
				GCC_WARN_UNUSED_FUNCTION = YES;
				GCC_WARN_UNUSED_VARIABLE = YES;
				IPHONEOS_DEPLOYMENT_TARGET = 10.3;
				MTL_ENABLE_DEBUG_INFO = NO;
				SDKROOT = iphoneos;
				TARGETED_DEVICE_FAMILY = "1,2";
				VALIDATE_PRODUCT = YES;
			};
			name = Release;
		};
		30E23DB51F42CBE900559EAE /* Debug */ = {
			isa = XCBuildConfiguration;
			buildSettings = {
				ASSETCATALOG_COMPILER_APPICON_NAME = AppIcon;
				INFOPLIST_FILE = GGVideoTrim/Info.plist;
				LD_RUNPATH_SEARCH_PATHS = "$(inherited) @executable_path/Frameworks";
				PRODUCT_BUNDLE_IDENTIFIER = com.netease.GGVideoTrim;
				PRODUCT_NAME = "$(TARGET_NAME)";
			};
			name = Debug;
		};
		30E23DB61F42CBE900559EAE /* Release */ = {
			isa = XCBuildConfiguration;
			buildSettings = {
				ASSETCATALOG_COMPILER_APPICON_NAME = AppIcon;
				INFOPLIST_FILE = GGVideoTrim/Info.plist;
				LD_RUNPATH_SEARCH_PATHS = "$(inherited) @executable_path/Frameworks";
				PRODUCT_BUNDLE_IDENTIFIER = com.netease.GGVideoTrim;
				PRODUCT_NAME = "$(TARGET_NAME)";
			};
			name = Release;
		};
		30E23DB81F42CBE900559EAE /* Debug */ = {
			isa = XCBuildConfiguration;
			buildSettings = {
				BUNDLE_LOADER = "$(TEST_HOST)";
				INFOPLIST_FILE = GGVideoTrimTests/Info.plist;
				LD_RUNPATH_SEARCH_PATHS = "$(inherited) @executable_path/Frameworks @loader_path/Frameworks";
				PRODUCT_BUNDLE_IDENTIFIER = com.netease.GGVideoTrimTests;
				PRODUCT_NAME = "$(TARGET_NAME)";
				TEST_HOST = "$(BUILT_PRODUCTS_DIR)/GGVideoTrim.app/GGVideoTrim";
			};
			name = Debug;
		};
		30E23DB91F42CBE900559EAE /* Release */ = {
			isa = XCBuildConfiguration;
			buildSettings = {
				BUNDLE_LOADER = "$(TEST_HOST)";
				INFOPLIST_FILE = GGVideoTrimTests/Info.plist;
				LD_RUNPATH_SEARCH_PATHS = "$(inherited) @executable_path/Frameworks @loader_path/Frameworks";
				PRODUCT_BUNDLE_IDENTIFIER = com.netease.GGVideoTrimTests;
				PRODUCT_NAME = "$(TARGET_NAME)";
				TEST_HOST = "$(BUILT_PRODUCTS_DIR)/GGVideoTrim.app/GGVideoTrim";
			};
			name = Release;
		};
		30E23DBB1F42CBE900559EAE /* Debug */ = {
			isa = XCBuildConfiguration;
			buildSettings = {
				INFOPLIST_FILE = GGVideoTrimUITests/Info.plist;
				LD_RUNPATH_SEARCH_PATHS = "$(inherited) @executable_path/Frameworks @loader_path/Frameworks";
				PRODUCT_BUNDLE_IDENTIFIER = com.netease.GGVideoTrimUITests;
				PRODUCT_NAME = "$(TARGET_NAME)";
				TEST_TARGET_NAME = GGVideoTrim;
			};
			name = Debug;
		};
		30E23DBC1F42CBE900559EAE /* Release */ = {
			isa = XCBuildConfiguration;
			buildSettings = {
				INFOPLIST_FILE = GGVideoTrimUITests/Info.plist;
				LD_RUNPATH_SEARCH_PATHS = "$(inherited) @executable_path/Frameworks @loader_path/Frameworks";
				PRODUCT_BUNDLE_IDENTIFIER = com.netease.GGVideoTrimUITests;
				PRODUCT_NAME = "$(TARGET_NAME)";
				TEST_TARGET_NAME = GGVideoTrim;
			};
			name = Release;
		};
/* End XCBuildConfiguration section */

/* Begin XCConfigurationList section */
		30E23D821F42CBE900559EAE /* Build configuration list for PBXProject "GGVideoTrim" */ = {
			isa = XCConfigurationList;
			buildConfigurations = (
				30E23DB21F42CBE900559EAE /* Debug */,
				30E23DB31F42CBE900559EAE /* Release */,
			);
			defaultConfigurationIsVisible = 0;
			defaultConfigurationName = Release;
		};
		30E23DB41F42CBE900559EAE /* Build configuration list for PBXNativeTarget "GGVideoTrim" */ = {
			isa = XCConfigurationList;
			buildConfigurations = (
				30E23DB51F42CBE900559EAE /* Debug */,
				30E23DB61F42CBE900559EAE /* Release */,
			);
			defaultConfigurationIsVisible = 0;
		};
		30E23DB71F42CBE900559EAE /* Build configuration list for PBXNativeTarget "GGVideoTrimTests" */ = {
			isa = XCConfigurationList;
			buildConfigurations = (
				30E23DB81F42CBE900559EAE /* Debug */,
				30E23DB91F42CBE900559EAE /* Release */,
			);
			defaultConfigurationIsVisible = 0;
		};
		30E23DBA1F42CBE900559EAE /* Build configuration list for PBXNativeTarget "GGVideoTrimUITests" */ = {
			isa = XCConfigurationList;
			buildConfigurations = (
				30E23DBB1F42CBE900559EAE /* Debug */,
				30E23DBC1F42CBE900559EAE /* Release */,
			);
			defaultConfigurationIsVisible = 0;
		};
/* End XCConfigurationList section */
	};
	rootObject = 30E23D7F1F42CBE900559EAE /* Project object */;
}
